
Microsoft Visual Studio Solution File, Format Version 12.00
# Visual Studio Version 17
VisualStudioVersion = 17.3.32811.315
MinimumVisualStudioVersion = 10.0.40219.1
Project("{FAE04EC0-301F-11D3-BF4B-00C04F79EFBC}") = "Procesamiento de imagenes", "Procesamiento de imagenes.csproj", "{D1FF88CF-7FEB-4B0C-A5C5-7E2082DF9625}"
EndProject
Global
	GlobalSection(SolutionConfigurationPlatforms) = preSolution
		Debug|Any CPU = Debug|Any CPU
		Release|Any CPU = Release|Any CPU
	EndGlobalSection
	GlobalSection(ProjectConfigurationPlatforms) = postSolution
		{D1FF88CF-7FEB-4B0C-A5C5-7E2082DF9625}.Debug|Any CPU.ActiveCfg = Debug|Any CPU
		{D1FF88CF-7FEB-4B0C-A5C5-7E2082DF9625}.Debug|Any CPU.Build.0 = Debug|Any CPU
		{D1FF88CF-7FEB-4B0C-A5C5-7E2082DF9625}.Release|Any CPU.ActiveCfg = Release|Any CPU
		{D1FF88CF-7FEB-4B0C-A5C5-7E2082DF9625}.Release|Any CPU.Build.0 = Release|Any CPU
	EndGlobalSection
	GlobalSection(SolutionProperties) = preSolution
		HideSolutionNode = FALSE
	EndGlobalSection
	GlobalSection(ExtensibilityGlobals) = postSolution
		SolutionGuid = {F68A9226-7E78-474B-98CE-D04EB1CC867A}
	EndGlobalSection
EndGlobal
